{
  "originHash" : "d3662081ff5f252f1552b00820773c4e97f0dc7585ed5f88318de4e66d820d75",
  "pins" : [
    {
      "identity" : "renault-api-swift-client",
      "kind" : "remoteSourceControl",
      "location" : "https://github.com/kelec-public/renault-api-swift-client.git",
      "state" : {
        "revision" : "5d7c065cb4502281c81a8f6135ec245ac43080dd",
        "version" : "1.0.5"
      }
    }
  ],
  "version" : 3
}
